
Microsoft Visual Studio Solution File, Format Version 12.00
# Visual Studio Version 17
VisualStudioVersion = 17.8.34330.188
MinimumVisualStudioVersion = 10.0.40219.1
Project("{FAE04EC0-301F-11D3-BF4B-00C04F79EFBC}") = "Rolling_Dice", "Rolling_Dice\Rolling_Dice.csproj", "{BFDEF281-8FB8-4182-A1C0-3445CFA33665}"
EndProject
Global
	GlobalSection(SolutionConfigurationPlatforms) = preSolution
		Debug|Any CPU = Debug|Any CPU
		Release|Any CPU = Release|Any CPU
	EndGlobalSection
	GlobalSection(ProjectConfigurationPlatforms) = postSolution
		{BFDEF281-8FB8-4182-A1C0-3445CFA33665}.Debug|Any CPU.ActiveCfg = Debug|Any CPU
		{BFDEF281-8FB8-4182-A1C0-3445CFA33665}.Debug|Any CPU.Build.0 = Debug|Any CPU
		{BFDEF281-8FB8-4182-A1C0-3445CFA33665}.Release|Any CPU.ActiveCfg = Release|Any CPU
		{BFDEF281-8FB8-4182-A1C0-3445CFA33665}.Release|Any CPU.Build.0 = Release|Any CPU
	EndGlobalSection
	GlobalSection(SolutionProperties) = preSolution
		HideSolutionNode = FALSE
	EndGlobalSection
	GlobalSection(ExtensibilityGlobals) = postSolution
		SolutionGuid = {042F2863-22E5-48D3-89B6-D59D07613E77}
	EndGlobalSection
EndGlobal
